
Microsoft Visual Studio Solution File, Format Version 12.00
# Visual Studio Version 17
VisualStudioVersion = 17.0.32112.339
MinimumVisualStudioVersion = 10.0.40219.1
Project("{8BC9CEB8-8B4A-11D0-8D11-00A0C91BC942}") = "猜数字游戏1.30", "猜数字游戏1.30\猜数字游戏1.30.vcxproj", "{7C2BBC74-92B4-44D6-B4D8-2AF03774480B}"
EndProject
Global
	GlobalSection(SolutionConfigurationPlatforms) = preSolution
		Debug|x64 = Debug|x64
		Debug|x86 = Debug|x86
		Release|x64 = Release|x64
		Release|x86 = Release|x86
	EndGlobalSection
	GlobalSection(ProjectConfigurationPlatforms) = postSolution
		{7C2BBC74-92B4-44D6-B4D8-2AF03774480B}.Debug|x64.ActiveCfg = Debug|x64
		{7C2BBC74-92B4-44D6-B4D8-2AF03774480B}.Debug|x64.Build.0 = Debug|x64
		{7C2BBC74-92B4-44D6-B4D8-2AF03774480B}.Debug|x86.ActiveCfg = Debug|Win32
		{7C2BBC74-92B4-44D6-B4D8-2AF03774480B}.Debug|x86.Build.0 = Debug|Win32
		{7C2BBC74-92B4-44D6-B4D8-2AF03774480B}.Release|x64.ActiveCfg = Release|x64
		{7C2BBC74-92B4-44D6-B4D8-2AF03774480B}.Release|x64.Build.0 = Release|x64
		{7C2BBC74-92B4-44D6-B4D8-2AF03774480B}.Release|x86.ActiveCfg = Release|Win32
		{7C2BBC74-92B4-44D6-B4D8-2AF03774480B}.Release|x86.Build.0 = Release|Win32
	EndGlobalSection
	GlobalSection(SolutionProperties) = preSolution
		HideSolutionNode = FALSE
	EndGlobalSection
	GlobalSection(ExtensibilityGlobals) = postSolution
		SolutionGuid = {D24FB99D-80CE-495D-9B9E-0FB8BDA9997F}
	EndGlobalSection
EndGlobal
